{
  "name": "actionplan-skill",
  "version": "0.1.0",
  "lockfileVersion": 3,
  "requires": true,
  "packages": {
    "": {
      "name": "actionplan-skill",
      "version": "0.1.0",
      "license": "MIT",
      "bin": {
        "actionplan-skill": "bin/actionplan-skill.js"
      },
      "engines": {
        "node": ">=18.1.0"
      }
    }
  }
}
